
Microsoft Visual Studio Solution File, Format Version 12.00
# Visual Studio Version 17
VisualStudioVersion = 17.0.31903.59
MinimumVisualStudioVersion = 10.0.40219.1
Project("{FAE04EC0-301F-11D3-BF4B-00C04F79EFBC}") = "Final Challenge", "Final Challenge\Final Challenge.csproj", "{4BDE6508-CFB9-4CA9-8070-95E998714A25}"
EndProject
Global
	GlobalSection(SolutionConfigurationPlatforms) = preSolution
		Debug|Any CPU = Debug|Any CPU
		Release|Any CPU = Release|Any CPU
	EndGlobalSection
	GlobalSection(ProjectConfigurationPlatforms) = postSolution
		{4BDE6508-CFB9-4CA9-8070-95E998714A25}.Debug|Any CPU.ActiveCfg = Debug|Any CPU
		{4BDE6508-CFB9-4CA9-8070-95E998714A25}.Debug|Any CPU.Build.0 = Debug|Any CPU
		{4BDE6508-CFB9-4CA9-8070-95E998714A25}.Release|Any CPU.ActiveCfg = Release|Any CPU
		{4BDE6508-CFB9-4CA9-8070-95E998714A25}.Release|Any CPU.Build.0 = Release|Any CPU
	EndGlobalSection
	GlobalSection(SolutionProperties) = preSolution
		HideSolutionNode = FALSE
	EndGlobalSection
	GlobalSection(ExtensibilityGlobals) = postSolution
		SolutionGuid = {E3D5514D-83EB-4C01-BAB1-4F5CDF34C977}
	EndGlobalSection
EndGlobal