
Microsoft Visual Studio Solution File, Format Version 12.00
# Visual Studio Version 17
VisualStudioVersion = 17.0.31903.59
MinimumVisualStudioVersion = 10.0.40219.1
Project("{FAE04EC0-301F-11D3-BF4B-00C04F79EFBC}") = "Operator Overloading Assignment", "Operator Overloading Assignment.csproj", "{A1E2B66A-58CA-4C2F-BD97-E95297FA4A65}"
EndProject
Global
	GlobalSection(SolutionConfigurationPlatforms) = preSolution
		Debug|Any CPU = Debug|Any CPU
		Release|Any CPU = Release|Any CPU
	EndGlobalSection
	GlobalSection(ProjectConfigurationPlatforms) = postSolution
		{A1E2B66A-58CA-4C2F-BD97-E95297FA4A65}.Debug|Any CPU.ActiveCfg = Debug|Any CPU
		{A1E2B66A-58CA-4C2F-BD97-E95297FA4A65}.Debug|Any CPU.Build.0 = Debug|Any CPU
		{A1E2B66A-58CA-4C2F-BD97-E95297FA4A65}.Release|Any CPU.ActiveCfg = Release|Any CPU
		{A1E2B66A-58CA-4C2F-BD97-E95297FA4A65}.Release|Any CPU.Build.0 = Release|Any CPU
	EndGlobalSection
	GlobalSection(SolutionProperties) = preSolution
		HideSolutionNode = FALSE
	EndGlobalSection
	GlobalSection(ExtensibilityGlobals) = postSolution
		SolutionGuid = {AD5F9DA3-1D4C-49EA-91C5-B8E975DB7ACB}
	EndGlobalSection
EndGlobal