
Microsoft Visual Studio Solution File, Format Version 12.00
# Visual Studio Version 17
VisualStudioVersion = 17.0.31903.59
MinimumVisualStudioVersion = 10.0.40219.1
Project("{FAE04EC0-301F-11D3-BF4B-00C04F79EFBC}") = "Classes and Methods Assignment 1", "Classes and Methods Assignment 1\Classes and Methods Assignment 1.csproj", "{737D2FAB-FBB6-4D17-AB29-DFD99B8B3480}"
EndProject
Global
	GlobalSection(SolutionConfigurationPlatforms) = preSolution
		Debug|Any CPU = Debug|Any CPU
		Release|Any CPU = Release|Any CPU
	EndGlobalSection
	GlobalSection(ProjectConfigurationPlatforms) = postSolution
		{737D2FAB-FBB6-4D17-AB29-DFD99B8B3480}.Debug|Any CPU.ActiveCfg = Debug|Any CPU
		{737D2FAB-FBB6-4D17-AB29-DFD99B8B3480}.Debug|Any CPU.Build.0 = Debug|Any CPU
		{737D2FAB-FBB6-4D17-AB29-DFD99B8B3480}.Release|Any CPU.ActiveCfg = Release|Any CPU
		{737D2FAB-FBB6-4D17-AB29-DFD99B8B3480}.Release|Any CPU.Build.0 = Release|Any CPU
	EndGlobalSection
	GlobalSection(SolutionProperties) = preSolution
		HideSolutionNode = FALSE
	EndGlobalSection
	GlobalSection(ExtensibilityGlobals) = postSolution
		SolutionGuid = {56C720D1-FC88-4131-8209-9A7C1C90C7BD}
	EndGlobalSection
EndGlobal