
Microsoft Visual Studio Solution File, Format Version 12.00
# Visual Studio Version 17
VisualStudioVersion = 17.0.31903.59
MinimumVisualStudioVersion = 10.0.40219.1
Project("{FAE04EC0-301F-11D3-BF4B-00C04F79EFBC}") = "Interfaces Assignment", "Interfaces Assignment.csproj", "{9F61E290-3322-4855-95E0-C93EBE666A7C}"
EndProject
Global
	GlobalSection(SolutionConfigurationPlatforms) = preSolution
		Debug|Any CPU = Debug|Any CPU
		Release|Any CPU = Release|Any CPU
	EndGlobalSection
	GlobalSection(ProjectConfigurationPlatforms) = postSolution
		{9F61E290-3322-4855-95E0-C93EBE666A7C}.Debug|Any CPU.ActiveCfg = Debug|Any CPU
		{9F61E290-3322-4855-95E0-C93EBE666A7C}.Debug|Any CPU.Build.0 = Debug|Any CPU
		{9F61E290-3322-4855-95E0-C93EBE666A7C}.Release|Any CPU.ActiveCfg = Release|Any CPU
		{9F61E290-3322-4855-95E0-C93EBE666A7C}.Release|Any CPU.Build.0 = Release|Any CPU
	EndGlobalSection
	GlobalSection(SolutionProperties) = preSolution
		HideSolutionNode = FALSE
	EndGlobalSection
	GlobalSection(ExtensibilityGlobals) = postSolution
		SolutionGuid = {D12411BE-BD1D-47C7-BD10-00785887C582}
	EndGlobalSection
EndGlobal