
Microsoft Visual Studio Solution File, Format Version 12.00
# Visual Studio Version 17
VisualStudioVersion = 17.0.31903.59
MinimumVisualStudioVersion = 10.0.40219.1
Project("{FAE04EC0-301F-11D3-BF4B-00C04F79EFBC}") = "String Assignment.cs", "String Assignment.cs\String Assignment.cs.csproj", "{5030A584-34A9-4874-BD56-6ACFFF41451F}"
EndProject
Global
	GlobalSection(SolutionConfigurationPlatforms) = preSolution
		Debug|Any CPU = Debug|Any CPU
		Release|Any CPU = Release|Any CPU
	EndGlobalSection
	GlobalSection(ProjectConfigurationPlatforms) = postSolution
		{5030A584-34A9-4874-BD56-6ACFFF41451F}.Debug|Any CPU.ActiveCfg = Debug|Any CPU
		{5030A584-34A9-4874-BD56-6ACFFF41451F}.Debug|Any CPU.Build.0 = Debug|Any CPU
		{5030A584-34A9-4874-BD56-6ACFFF41451F}.Release|Any CPU.ActiveCfg = Release|Any CPU
		{5030A584-34A9-4874-BD56-6ACFFF41451F}.Release|Any CPU.Build.0 = Release|Any CPU
	EndGlobalSection
	GlobalSection(SolutionProperties) = preSolution
		HideSolutionNode = FALSE
	EndGlobalSection
	GlobalSection(ExtensibilityGlobals) = postSolution
		SolutionGuid = {4F679358-C560-452C-AC91-1F895B2A3341}
	EndGlobalSection
EndGlobal