
Microsoft Visual Studio Solution File, Format Version 12.00
# Visual Studio Version 17
VisualStudioVersion = 17.0.31903.59
MinimumVisualStudioVersion = 10.0.40219.1
Project("{FAE04EC0-301F-11D3-BF4B-00C04F79EFBC}") = "Console App Assignment Part 6.cs", "Console App Assignment Part 6.cs\Console App Assignment Part 6.cs.csproj", "{54DE6213-E047-49BA-91A8-D39ACE917454}"
EndProject
Global
	GlobalSection(SolutionConfigurationPlatforms) = preSolution
		Debug|Any CPU = Debug|Any CPU
		Release|Any CPU = Release|Any CPU
	EndGlobalSection
	GlobalSection(ProjectConfigurationPlatforms) = postSolution
		{54DE6213-E047-49BA-91A8-D39ACE917454}.Debug|Any CPU.ActiveCfg = Debug|Any CPU
		{54DE6213-E047-49BA-91A8-D39ACE917454}.Debug|Any CPU.Build.0 = Debug|Any CPU
		{54DE6213-E047-49BA-91A8-D39ACE917454}.Release|Any CPU.ActiveCfg = Release|Any CPU
		{54DE6213-E047-49BA-91A8-D39ACE917454}.Release|Any CPU.Build.0 = Release|Any CPU
	EndGlobalSection
	GlobalSection(SolutionProperties) = preSolution
		HideSolutionNode = FALSE
	EndGlobalSection
	GlobalSection(ExtensibilityGlobals) = postSolution
		SolutionGuid = {E2245B4B-FDA4-420E-A3FD-FC5F579B8879}
	EndGlobalSection
EndGlobal